
Microsoft Visual Studio Solution File, Format Version 12.00
# Visual Studio Version 16
VisualStudioVersion = 16.0.31105.61
MinimumVisualStudioVersion = 10.0.40219.1
Project("{FAE04EC0-301F-11D3-BF4B-00C04F79EFBC}") = "WPFApp2", "WPFApp2\WPFApp2.csproj", "{879EAE70-6432-4D8E-8CAF-740F0C2DDB30}"
EndProject
Global
	GlobalSection(SolutionConfigurationPlatforms) = preSolution
		Debug|Any CPU = Debug|Any CPU
		Release|Any CPU = Release|Any CPU
	EndGlobalSection
	GlobalSection(ProjectConfigurationPlatforms) = postSolution
		{879EAE70-6432-4D8E-8CAF-740F0C2DDB30}.Debug|Any CPU.ActiveCfg = Debug|Any CPU
		{879EAE70-6432-4D8E-8CAF-740F0C2DDB30}.Debug|Any CPU.Build.0 = Debug|Any CPU
		{879EAE70-6432-4D8E-8CAF-740F0C2DDB30}.Release|Any CPU.ActiveCfg = Release|Any CPU
		{879EAE70-6432-4D8E-8CAF-740F0C2DDB30}.Release|Any CPU.Build.0 = Release|Any CPU
	EndGlobalSection
	GlobalSection(SolutionProperties) = preSolution
		HideSolutionNode = FALSE
	EndGlobalSection
	GlobalSection(ExtensibilityGlobals) = postSolution
		SolutionGuid = {CEB192C8-7FE6-406E-BAE1-5C4301F1DC76}
	EndGlobalSection
EndGlobal
