
Microsoft Visual Studio Solution File, Format Version 12.00
# Visual Studio Version 16
VisualStudioVersion = 16.0.31313.79
MinimumVisualStudioVersion = 10.0.40219.1
Project("{FAE04EC0-301F-11D3-BF4B-00C04F79EFBC}") = "WPFAppC", "WPFAppC\WPFAppC.csproj", "{28FFF744-5CC6-4F80-ABA0-1ED632BF24C3}"
EndProject
Global
	GlobalSection(SolutionConfigurationPlatforms) = preSolution
		Debug|Any CPU = Debug|Any CPU
		Release|Any CPU = Release|Any CPU
	EndGlobalSection
	GlobalSection(ProjectConfigurationPlatforms) = postSolution
		{28FFF744-5CC6-4F80-ABA0-1ED632BF24C3}.Debug|Any CPU.ActiveCfg = Debug|Any CPU
		{28FFF744-5CC6-4F80-ABA0-1ED632BF24C3}.Debug|Any CPU.Build.0 = Debug|Any CPU
		{28FFF744-5CC6-4F80-ABA0-1ED632BF24C3}.Release|Any CPU.ActiveCfg = Release|Any CPU
		{28FFF744-5CC6-4F80-ABA0-1ED632BF24C3}.Release|Any CPU.Build.0 = Release|Any CPU
	EndGlobalSection
	GlobalSection(SolutionProperties) = preSolution
		HideSolutionNode = FALSE
	EndGlobalSection
	GlobalSection(ExtensibilityGlobals) = postSolution
		SolutionGuid = {CD542301-CF72-4F4C-8499-34689CCA6ECC}
	EndGlobalSection
EndGlobal
