
Microsoft Visual Studio Solution File, Format Version 12.00
# Visual Studio Version 16
VisualStudioVersion = 16.0.31313.79
MinimumVisualStudioVersion = 10.0.40219.1
Project("{FAE04EC0-301F-11D3-BF4B-00C04F79EFBC}") = "IoTAppC", "IoTAppC\IoTAppC.csproj", "{34AF1463-E4FC-4720-9E05-2B6F1D891441}"
EndProject
Global
	GlobalSection(SolutionConfigurationPlatforms) = preSolution
		Debug|ARM = Debug|ARM
		Debug|ARM64 = Debug|ARM64
		Debug|x64 = Debug|x64
		Debug|x86 = Debug|x86
		Release|ARM = Release|ARM
		Release|ARM64 = Release|ARM64
		Release|x64 = Release|x64
		Release|x86 = Release|x86
	EndGlobalSection
	GlobalSection(ProjectConfigurationPlatforms) = postSolution
		{34AF1463-E4FC-4720-9E05-2B6F1D891441}.Debug|ARM.ActiveCfg = Debug|ARM
		{34AF1463-E4FC-4720-9E05-2B6F1D891441}.Debug|ARM.Build.0 = Debug|ARM
		{34AF1463-E4FC-4720-9E05-2B6F1D891441}.Debug|ARM.Deploy.0 = Debug|ARM
		{34AF1463-E4FC-4720-9E05-2B6F1D891441}.Debug|ARM64.ActiveCfg = Debug|ARM64
		{34AF1463-E4FC-4720-9E05-2B6F1D891441}.Debug|ARM64.Build.0 = Debug|ARM64
		{34AF1463-E4FC-4720-9E05-2B6F1D891441}.Debug|ARM64.Deploy.0 = Debug|ARM64
		{34AF1463-E4FC-4720-9E05-2B6F1D891441}.Debug|x64.ActiveCfg = Debug|x64
		{34AF1463-E4FC-4720-9E05-2B6F1D891441}.Debug|x64.Build.0 = Debug|x64
		{34AF1463-E4FC-4720-9E05-2B6F1D891441}.Debug|x64.Deploy.0 = Debug|x64
		{34AF1463-E4FC-4720-9E05-2B6F1D891441}.Debug|x86.ActiveCfg = Debug|x86
		{34AF1463-E4FC-4720-9E05-2B6F1D891441}.Debug|x86.Build.0 = Debug|x86
		{34AF1463-E4FC-4720-9E05-2B6F1D891441}.Debug|x86.Deploy.0 = Debug|x86
		{34AF1463-E4FC-4720-9E05-2B6F1D891441}.Release|ARM.ActiveCfg = Release|ARM
		{34AF1463-E4FC-4720-9E05-2B6F1D891441}.Release|ARM.Build.0 = Release|ARM
		{34AF1463-E4FC-4720-9E05-2B6F1D891441}.Release|ARM.Deploy.0 = Release|ARM
		{34AF1463-E4FC-4720-9E05-2B6F1D891441}.Release|ARM64.ActiveCfg = Release|ARM64
		{34AF1463-E4FC-4720-9E05-2B6F1D891441}.Release|ARM64.Build.0 = Release|ARM64
		{34AF1463-E4FC-4720-9E05-2B6F1D891441}.Release|ARM64.Deploy.0 = Release|ARM64
		{34AF1463-E4FC-4720-9E05-2B6F1D891441}.Release|x64.ActiveCfg = Release|x64
		{34AF1463-E4FC-4720-9E05-2B6F1D891441}.Release|x64.Build.0 = Release|x64
		{34AF1463-E4FC-4720-9E05-2B6F1D891441}.Release|x64.Deploy.0 = Release|x64
		{34AF1463-E4FC-4720-9E05-2B6F1D891441}.Release|x86.ActiveCfg = Release|x86
		{34AF1463-E4FC-4720-9E05-2B6F1D891441}.Release|x86.Build.0 = Release|x86
		{34AF1463-E4FC-4720-9E05-2B6F1D891441}.Release|x86.Deploy.0 = Release|x86
	EndGlobalSection
	GlobalSection(SolutionProperties) = preSolution
		HideSolutionNode = FALSE
	EndGlobalSection
	GlobalSection(ExtensibilityGlobals) = postSolution
		SolutionGuid = {B9B6D138-0763-4076-85EA-195074FC33CB}
	EndGlobalSection
EndGlobal
